
Microsoft Visual Studio Solution File, Format Version 12.00
# Visual Studio Version 17
VisualStudioVersion = 17.1.32210.238
MinimumVisualStudioVersion = 10.0.40219.1
Project("{9A19103F-16F7-4668-BE54-9A1E7A4F7556}") = "SmartHome.Database", "SmartHome.Database\SmartHome.Database.csproj", "{8F1A1FB7-7E99-426E-A0E5-879B5E3AA1AF}"
EndProject
Project("{9A19103F-16F7-4668-BE54-9A1E7A4F7556}") = "SmartHome.EnvironmentalDataLogger", "SmartHome.EnvironmentalDataLogger\SmartHome.EnvironmentalDataLogger.csproj", "{8BCC90F0-005F-4B6A-8D9B-D5B540BA1E58}"
EndProject
Project("{FAE04EC0-301F-11D3-BF4B-00C04F79EFBC}") = "SmartHome.Models", "SmartHome.Models\SmartHome.Models.csproj", "{FC8BBFE6-8BEE-431B-8FBF-C0637AF6512C}"
EndProject
Global
	GlobalSection(SolutionConfigurationPlatforms) = preSolution
		Debug|Any CPU = Debug|Any CPU
		Release|Any CPU = Release|Any CPU
	EndGlobalSection
	GlobalSection(ProjectConfigurationPlatforms) = postSolution
		{8F1A1FB7-7E99-426E-A0E5-879B5E3AA1AF}.Debug|Any CPU.ActiveCfg = Debug|Any CPU
		{8F1A1FB7-7E99-426E-A0E5-879B5E3AA1AF}.Debug|Any CPU.Build.0 = Debug|Any CPU
		{8F1A1FB7-7E99-426E-A0E5-879B5E3AA1AF}.Release|Any CPU.ActiveCfg = Release|Any CPU
		{8F1A1FB7-7E99-426E-A0E5-879B5E3AA1AF}.Release|Any CPU.Build.0 = Release|Any CPU
		{8BCC90F0-005F-4B6A-8D9B-D5B540BA1E58}.Debug|Any CPU.ActiveCfg = Debug|Any CPU
		{8BCC90F0-005F-4B6A-8D9B-D5B540BA1E58}.Debug|Any CPU.Build.0 = Debug|Any CPU
		{8BCC90F0-005F-4B6A-8D9B-D5B540BA1E58}.Release|Any CPU.ActiveCfg = Release|Any CPU
		{8BCC90F0-005F-4B6A-8D9B-D5B540BA1E58}.Release|Any CPU.Build.0 = Release|Any CPU
		{FC8BBFE6-8BEE-431B-8FBF-C0637AF6512C}.Debug|Any CPU.ActiveCfg = Debug|Any CPU
		{FC8BBFE6-8BEE-431B-8FBF-C0637AF6512C}.Debug|Any CPU.Build.0 = Debug|Any CPU
		{FC8BBFE6-8BEE-431B-8FBF-C0637AF6512C}.Release|Any CPU.ActiveCfg = Release|Any CPU
		{FC8BBFE6-8BEE-431B-8FBF-C0637AF6512C}.Release|Any CPU.Build.0 = Release|Any CPU
	EndGlobalSection
	GlobalSection(SolutionProperties) = preSolution
		HideSolutionNode = FALSE
	EndGlobalSection
	GlobalSection(ExtensibilityGlobals) = postSolution
		SolutionGuid = {32278FB3-2078-4670-9E69-E9A272AF521A}
	EndGlobalSection
EndGlobal
